// !$*UTF8*$!
{
	archiveVersion = 1;
	classes = {
	};
	objectVersion = 46;
	objects = {

/* Begin PBXBuildFile section */
		FD6F5E731ACE6F9400B3B945 /* AppDelegate.swift in Sources */ = {isa = PBXBuildFile; fileRef = FD6F5E721ACE6F9400B3B945 /* AppDelegate.swift */; };
		FD6F5E751ACE6F9400B3B945 /* ViewController.swift in Sources */ = {isa = PBXBuildFile; fileRef = FD6F5E741ACE6F9400B3B945 /* ViewController.swift */; };
		FD6F5E781ACE6F9400B3B945 /* Main.storyboard in Resources */ = {isa = PBXBuildFile; fileRef = FD6F5E761ACE6F9400B3B945 /* Main.storyboard */; };
		FD6F5E7A1ACE6F9400B3B945 /* Images.xcassets in Resources */ = {isa = PBXBuildFile; fileRef = FD6F5E791ACE6F9400B3B945 /* Images.xcassets */; };
		FD6F5E7D1ACE6F9400B3B945 /* LaunchScreen.xib in Resources */ = {isa = PBXBuildFile; fileRef = FD6F5E7B1ACE6F9400B3B945 /* LaunchScreen.xib */; };
		FD6F5E891ACE6F9400B3B945 /* ImagePickerControllerTests.swift in Sources */ = {isa = PBXBuildFile; fileRef = FD6F5E881ACE6F9400B3B945 /* ImagePickerControllerTests.swift */; };
/* End PBXBuildFile section */

/* Begin PBXContainerItemProxy section */
		FD6F5E831ACE6F9400B3B945 /* PBXContainerItemProxy */ = {
			isa = PBXContainerItemProxy;
			containerPortal = FD6F5E651ACE6F9400B3B945 /* Project object */;
			proxyType = 1;
			remoteGlobalIDString = FD6F5E6C1ACE6F9400B3B945;
			remoteInfo = ImagePickerController;
		};
/* End PBXContainerItemProxy section */

/* Begin PBXFileReference section */
		FD6F5E6D1ACE6F9400B3B945 /* ImagePickerController.app */ = {isa = PBXFileReference; explicitFileType = wrapper.application; includeInIndex = 0; path = ImagePickerController.app; sourceTree = BUILT_PRODUCTS_DIR; };
		FD6F5E711ACE6F9400B3B945 /* Info.plist */ = {isa = PBXFileReference; lastKnownFileType = text.plist.xml; path = Info.plist; sourceTree = "<group>"; };
		FD6F5E721ACE6F9400B3B945 /* AppDelegate.swift */ = {isa = PBXFileReference; lastKnownFileType = sourcecode.swift; path = AppDelegate.swift; sourceTree = "<group>"; };
		FD6F5E741ACE6F9400B3B945 /* ViewController.swift */ = {isa = PBXFileReference; lastKnownFileType = sourcecode.swift; path = ViewController.swift; sourceTree = "<group>"; };
		FD6F5E771ACE6F9400B3B945 /* Base */ = {isa = PBXFileReference; lastKnownFileType = file.storyboard; name = Base; path = Base.lproj/Main.storyboard; sourceTree = "<group>"; };
		FD6F5E791ACE6F9400B3B945 /* Images.xcassets */ = {isa = PBXFileReference; lastKnownFileType = folder.assetcatalog; path = Images.xcassets; sourceTree = "<group>"; };
		FD6F5E7C1ACE6F9400B3B945 /* Base */ = {isa = PBXFileReference; lastKnownFileType = file.xib; name = Base; path = Base.lproj/LaunchScreen.xib; sourceTree = "<group>"; };
		FD6F5E821ACE6F9400B3B945 /* ImagePickerControllerTests.xctest */ = {isa = PBXFileReference; explicitFileType = wrapper.cfbundle; includeInIndex = 0; path = ImagePickerControllerTests.xctest; sourceTree = BUILT_PRODUCTS_DIR; };
		FD6F5E871ACE6F9400B3B945 /* Info.plist */ = {isa = PBXFileReference; lastKnownFileType = text.plist.xml; path = Info.plist; sourceTree = "<group>"; };
		FD6F5E881ACE6F9400B3B945 /* ImagePickerControllerTests.swift */ = {isa = PBXFileReference; lastKnownFileType = sourcecode.swift; path = ImagePickerControllerTests.swift; sourceTree = "<group>"; };
/* End PBXFileReference section */

/* Begin PBXFrameworksBuildPhase section */
		FD6F5E6A1ACE6F9400B3B945 /* Frameworks */ = {
			isa = PBXFrameworksBuildPhase;
			buildActionMask = 2147483647;
			files = (
			);
			runOnlyForDeploymentPostprocessing = 0;
		};
		FD6F5E7F1ACE6F9400B3B945 /* Frameworks */ = {
			isa = PBXFrameworksBuildPhase;
			buildActionMask = 2147483647;
			files = (
			);
			runOnlyForDeploymentPostprocessing = 0;
		};
/* End PBXFrameworksBuildPhase section */

/* Begin PBXGroup section */
		FD6F5E641ACE6F9400B3B945 = {
			isa = PBXGroup;
			children = (
				FD6F5E6F1ACE6F9400B3B945 /* ImagePickerController */,
				FD6F5E851ACE6F9400B3B945 /* ImagePickerControllerTests */,
				FD6F5E6E1ACE6F9400B3B945 /* Products */,
			);
			sourceTree = "<group>";
		};
		FD6F5E6E1ACE6F9400B3B945 /* Products */ = {
			isa = PBXGroup;
			children = (
				FD6F5E6D1ACE6F9400B3B945 /* ImagePickerController.app */,
				FD6F5E821ACE6F9400B3B945 /* ImagePickerControllerTests.xctest */,
			);
			name = Products;
			sourceTree = "<group>";
		};
		FD6F5E6F1ACE6F9400B3B945 /* ImagePickerController */ = {
			isa = PBXGroup;
			children = (
				FD6F5E721ACE6F9400B3B945 /* AppDelegate.swift */,
				FD6F5E741ACE6F9400B3B945 /* ViewController.swift */,
				FD6F5E761ACE6F9400B3B945 /* Main.storyboard */,
				FD6F5E791ACE6F9400B3B945 /* Images.xcassets */,
				FD6F5E7B1ACE6F9400B3B945 /* LaunchScreen.xib */,
				FD6F5E701ACE6F9400B3B945 /* Supporting Files */,
			);
			path = ImagePickerController;
			sourceTree = "<group>";
		};
		FD6F5E701ACE6F9400B3B945 /* Supporting Files */ = {
			isa = PBXGroup;
			children = (
				FD6F5E711ACE6F9400B3B945 /* Info.plist */,
			);
			name = "Supporting Files";
			sourceTree = "<group>";
		};
		FD6F5E851ACE6F9400B3B945 /* ImagePickerControllerTests */ = {
			isa = PBXGroup;
			children = (
				FD6F5E881ACE6F9400B3B945 /* ImagePickerControllerTests.swift */,
				FD6F5E861ACE6F9400B3B945 /* Supporting Files */,
			);
			path = ImagePickerControllerTests;
			sourceTree = "<group>";
		};
		FD6F5E861ACE6F9400B3B945 /* Supporting Files */ = {
			isa = PBXGroup;
			children = (
				FD6F5E871ACE6F9400B3B945 /* Info.plist */,
			);
			name = "Supporting Files";
			sourceTree = "<group>";
		};
/* End PBXGroup section */

/* Begin PBXNativeTarget section */
		FD6F5E6C1ACE6F9400B3B945 /* ImagePickerController */ = {
			isa = PBXNativeTarget;
			buildConfigurationList = FD6F5E8C1ACE6F9400B3B945 /* Build configuration list for PBXNativeTarget "ImagePickerController" */;
			buildPhases = (
				FD6F5E691ACE6F9400B3B945 /* Sources */,
				FD6F5E6A1ACE6F9400B3B945 /* Frameworks */,
				FD6F5E6B1ACE6F9400B3B945 /* Resources */,
			);
			buildRules = (
			);
			dependencies = (
			);
			name = ImagePickerController;
			productName = ImagePickerController;
			productReference = FD6F5E6D1ACE6F9400B3B945 /* ImagePickerController.app */;
			productType = "com.apple.product-type.application";
		};
		FD6F5E811ACE6F9400B3B945 /* ImagePickerControllerTests */ = {
			isa = PBXNativeTarget;
			buildConfigurationList = FD6F5E8F1ACE6F9400B3B945 /* Build configuration list for PBXNativeTarget "ImagePickerControllerTests" */;
			buildPhases = (
				FD6F5E7E1ACE6F9400B3B945 /* Sources */,
				FD6F5E7F1ACE6F9400B3B945 /* Frameworks */,
				FD6F5E801ACE6F9400B3B945 /* Resources */,
			);
			buildRules = (
			);
			dependencies = (
				FD6F5E841ACE6F9400B3B945 /* PBXTargetDependency */,
			);
			name = ImagePickerControllerTests;
			productName = ImagePickerControllerTests;
			productReference = FD6F5E821ACE6F9400B3B945 /* ImagePickerControllerTests.xctest */;
			productType = "com.apple.product-type.bundle.unit-test";
		};
/* End PBXNativeTarget section */

/* Begin PBXProject section */
		FD6F5E651ACE6F9400B3B945 /* Project object */ = {
			isa = PBXProject;
			attributes = {
				LastUpgradeCheck = 0600;
				ORGANIZATIONNAME = Jay;
				TargetAttributes = {
					FD6F5E6C1ACE6F9400B3B945 = {
						CreatedOnToolsVersion = 6.0;
					};
					FD6F5E811ACE6F9400B3B945 = {
						CreatedOnToolsVersion = 6.0;
						TestTargetID = FD6F5E6C1ACE6F9400B3B945;
					};
				};
			};
			buildConfigurationList = FD6F5E681ACE6F9400B3B945 /* Build configuration list for PBXProject "ImagePickerController" */;
			compatibilityVersion = "Xcode 3.2";
			developmentRegion = English;
			hasScannedForEncodings = 0;
			knownRegions = (
				en,
				Base,
			);
			mainGroup = FD6F5E641ACE6F9400B3B945;
			productRefGroup = FD6F5E6E1ACE6F9400B3B945 /* Products */;
			projectDirPath = "";
			projectRoot = "";
			targets = (
				FD6F5E6C1ACE6F9400B3B945 /* ImagePickerController */,
				FD6F5E811ACE6F9400B3B945 /* ImagePickerControllerTests */,
			);
		};
/* End PBXProject section */

/* Begin PBXResourcesBuildPhase section */
		FD6F5E6B1ACE6F9400B3B945 /* Resources */ = {
			isa = PBXResourcesBuildPhase;
			buildActionMask = 2147483647;
			files = (
				FD6F5E781ACE6F9400B3B945 /* Main.storyboard in Resources */,
				FD6F5E7D1ACE6F9400B3B945 /* LaunchScreen.xib in Resources */,
				FD6F5E7A1ACE6F9400B3B945 /* Images.xcassets in Resources */,
			);
			runOnlyForDeploymentPostprocessing = 0;
		};
		FD6F5E801ACE6F9400B3B945 /* Resources */ = {
			isa = PBXResourcesBuildPhase;
			buildActionMask = 2147483647;
			files = (
			);
			runOnlyForDeploymentPostprocessing = 0;
		};
/* End PBXResourcesBuildPhase section */

/* Begin PBXSourcesBuildPhase section */
		FD6F5E691ACE6F9400B3B945 /* Sources */ = {
			isa = PBXSourcesBuildPhase;
			buildActionMask = 2147483647;
			files = (
				FD6F5E751ACE6F9400B3B945 /* ViewController.swift in Sources */,
				FD6F5E731ACE6F9400B3B945 /* AppDelegate.swift in Sources */,
			);
			runOnlyForDeploymentPostprocessing = 0;
		};
		FD6F5E7E1ACE6F9400B3B945 /* Sources */ = {
			isa = PBXSourcesBuildPhase;
			buildActionMask = 2147483647;
			files = (
				FD6F5E891ACE6F9400B3B945 /* ImagePickerControllerTests.swift in Sources */,
			);
			runOnlyForDeploymentPostprocessing = 0;
		};
/* End PBXSourcesBuildPhase section */

/* Begin PBXTargetDependency section */
		FD6F5E841ACE6F9400B3B945 /* PBXTargetDependency */ = {
			isa = PBXTargetDependency;
			target = FD6F5E6C1ACE6F9400B3B945 /* ImagePickerController */;
			targetProxy = FD6F5E831ACE6F9400B3B945 /* PBXContainerItemProxy */;
		};
/* End PBXTargetDependency section */

/* Begin PBXVariantGroup section */
		FD6F5E761ACE6F9400B3B945 /* Main.storyboard */ = {
			isa = PBXVariantGroup;
			children = (
				FD6F5E771ACE6F9400B3B945 /* Base */,
			);
			name = Main.storyboard;
			sourceTree = "<group>";
		};
		FD6F5E7B1ACE6F9400B3B945 /* LaunchScreen.xib */ = {
			isa = PBXVariantGroup;
			children = (
				FD6F5E7C1ACE6F9400B3B945 /* Base */,
			);
			name = LaunchScreen.xib;
			sourceTree = "<group>";
		};
/* End PBXVariantGroup section */

/* Begin XCBuildConfiguration section */
		FD6F5E8A1ACE6F9400B3B945 /* Debug */ = {
			isa = XCBuildConfiguration;
			buildSettings = {
				ALWAYS_SEARCH_USER_PATHS = NO;
				CLANG_CXX_LANGUAGE_STANDARD = "gnu++0x";
				CLANG_CXX_LIBRARY = "libc++";
				CLANG_ENABLE_MODULES = YES;
				CLANG_ENABLE_OBJC_ARC = YES;
				CLANG_WARN_BOOL_CONVERSION = YES;
				CLANG_WARN_CONSTANT_CONVERSION = YES;
				CLANG_WARN_DIRECT_OBJC_ISA_USAGE = YES_ERROR;
				CLANG_WARN_EMPTY_BODY = YES;
				CLANG_WARN_ENUM_CONVERSION = YES;
				CLANG_WARN_INT_CONVERSION = YES;
				CLANG_WARN_OBJC_ROOT_CLASS = YES_ERROR;
				CLANG_WARN_UNREACHABLE_CODE = YES;
				CLANG_WARN__DUPLICATE_METHOD_MATCH = YES;
				"CODE_SIGN_IDENTITY[sdk=iphoneos*]" = "iPhone Developer";
				COPY_PHASE_STRIP = NO;
				ENABLE_STRICT_OBJC_MSGSEND = YES;
				GCC_C_LANGUAGE_STANDARD = gnu99;
				GCC_DYNAMIC_NO_PIC = NO;
				GCC_OPTIMIZATION_LEVEL = 0;
				GCC_PREPROCESSOR_DEFINITIONS = (
					"DEBUG=1",
					"$(inherited)",
				);
				GCC_SYMBOLS_PRIVATE_EXTERN = NO;
				GCC_WARN_64_TO_32_BIT_CONVERSION = YES;
				GCC_WARN_ABOUT_RETURN_TYPE = YES_ERROR;
				GCC_WARN_UNDECLARED_SELECTOR = YES;
				GCC_WARN_UNINITIALIZED_AUTOS = YES_AGGRESSIVE;
				GCC_WARN_UNUSED_FUNCTION = YES;
				GCC_WARN_UNUSED_VARIABLE = YES;
				IPHONEOS_DEPLOYMENT_TARGET = 8.0;
				MTL_ENABLE_DEBUG_INFO = YES;
				ONLY_ACTIVE_ARCH = YES;
				SDKROOT = iphoneos;
				SWIFT_OPTIMIZATION_LEVEL = "-Onone";
			};
			name = Debug;
		};
		FD6F5E8B1ACE6F9400B3B945 /* Release */ = {
			isa = XCBuildConfiguration;
			buildSettings = {
				ALWAYS_SEARCH_USER_PATHS = NO;
				CLANG_CXX_LANGUAGE_STANDARD = "gnu++0x";
				CLANG_CXX_LIBRARY = "libc++";
				CLANG_ENABLE_MODULES = YES;
				CLANG_ENABLE_OBJC_ARC = YES;
				CLANG_WARN_BOOL_CONVERSION = YES;
				CLANG_WARN_CONSTANT_CONVERSION = YES;
				CLANG_WARN_DIRECT_OBJC_ISA_USAGE = YES_ERROR;
				CLANG_WARN_EMPTY_BODY = YES;
				CLANG_WARN_ENUM_CONVERSION = YES;
				CLANG_WARN_INT_CONVERSION = YES;
				CLANG_WARN_OBJC_ROOT_CLASS = YES_ERROR;
				CLANG_WARN_UNREACHABLE_CODE = YES;
				CLANG_WARN__DUPLICATE_METHOD_MATCH = YES;
				"CODE_SIGN_IDENTITY[sdk=iphoneos*]" = "iPhone Developer";
				COPY_PHASE_STRIP = YES;
				ENABLE_NS_ASSERTIONS = NO;
				ENABLE_STRICT_OBJC_MSGSEND = YES;
				GCC_C_LANGUAGE_STANDARD = gnu99;
				GCC_WARN_64_TO_32_BIT_CONVERSION = YES;
				GCC_WARN_ABOUT_RETURN_TYPE = YES_ERROR;
				GCC_WARN_UNDECLARED_SELECTOR = YES;
				GCC_WARN_UNINITIALIZED_AUTOS = YES_AGGRESSIVE;
				GCC_WARN_UNUSED_FUNCTION = YES;
				GCC_WARN_UNUSED_VARIABLE = YES;
				IPHONEOS_DEPLOYMENT_TARGET = 8.0;
				MTL_ENABLE_DEBUG_INFO = NO;
				SDKROOT = iphoneos;
				VALIDATE_PRODUCT = YES;
			};
			name = Release;
		};
		FD6F5E8D1ACE6F9400B3B945 /* Debug */ = {
			isa = XCBuildConfiguration;
			buildSettings = {
				ASSETCATALOG_COMPILER_APPICON_NAME = AppIcon;
				INFOPLIST_FILE = ImagePickerController/Info.plist;
				LD_RUNPATH_SEARCH_PATHS = "$(inherited) @executable_path/Frameworks";
				PRODUCT_NAME = "$(TARGET_NAME)";
			};
			name = Debug;
		};
		FD6F5E8E1ACE6F9400B3B945 /* Release */ = {
			isa = XCBuildConfiguration;
			buildSettings = {
				ASSETCATALOG_COMPILER_APPICON_NAME = AppIcon;
				INFOPLIST_FILE = ImagePickerController/Info.plist;
				LD_RUNPATH_SEARCH_PATHS = "$(inherited) @executable_path/Frameworks";
				PRODUCT_NAME = "$(TARGET_NAME)";
			};
			name = Release;
		};
		FD6F5E901ACE6F9400B3B945 /* Debug */ = {
			isa = XCBuildConfiguration;
			buildSettings = {
				BUNDLE_LOADER = "$(TEST_HOST)";
				FRAMEWORK_SEARCH_PATHS = (
					"$(SDKROOT)/Developer/Library/Frameworks",
					"$(inherited)",
				);
				GCC_PREPROCESSOR_DEFINITIONS = (
					"DEBUG=1",
					"$(inherited)",
				);
				INFOPLIST_FILE = ImagePickerControllerTests/Info.plist;
				LD_RUNPATH_SEARCH_PATHS = "$(inherited) @executable_path/Frameworks @loader_path/Frameworks";
				PRODUCT_NAME = "$(TARGET_NAME)";
				TEST_HOST = "$(BUILT_PRODUCTS_DIR)/ImagePickerController.app/ImagePickerController";
			};
			name = Debug;
		};
		FD6F5E911ACE6F9400B3B945 /* Release */ = {
			isa = XCBuildConfiguration;
			buildSettings = {
				BUNDLE_LOADER = "$(TEST_HOST)";
				FRAMEWORK_SEARCH_PATHS = (
					"$(SDKROOT)/Developer/Library/Frameworks",
					"$(inherited)",
				);
				INFOPLIST_FILE = ImagePickerControllerTests/Info.plist;
				LD_RUNPATH_SEARCH_PATHS = "$(inherited) @executable_path/Frameworks @loader_path/Frameworks";
				PRODUCT_NAME = "$(TARGET_NAME)";
				TEST_HOST = "$(BUILT_PRODUCTS_DIR)/ImagePickerController.app/ImagePickerController";
			};
			name = Release;
		};
/* End XCBuildConfiguration section */

/* Begin XCConfigurationList section */
		FD6F5E681ACE6F9400B3B945 /* Build configuration list for PBXProject "ImagePickerController" */ = {
			isa = XCConfigurationList;
			buildConfigurations = (
				FD6F5E8A1ACE6F9400B3B945 /* Debug */,
				FD6F5E8B1ACE6F9400B3B945 /* Release */,
			);
			defaultConfigurationIsVisible = 0;
			defaultConfigurationName = Release;
		};
		FD6F5E8C1ACE6F9400B3B945 /* Build configuration list for PBXNativeTarget "ImagePickerController" */ = {
			isa = XCConfigurationList;
			buildConfigurations = (
				FD6F5E8D1ACE6F9400B3B945 /* Debug */,
				FD6F5E8E1ACE6F9400B3B945 /* Release */,
			);
			defaultConfigurationIsVisible = 0;
			defaultConfigurationName = Release;
		};
		FD6F5E8F1ACE6F9400B3B945 /* Build configuration list for PBXNativeTarget "ImagePickerControllerTests" */ = {
			isa = XCConfigurationList;
			buildConfigurations = (
				FD6F5E901ACE6F9400B3B945 /* Debug */,
				FD6F5E911ACE6F9400B3B945 /* Release */,
			);
			defaultConfigurationIsVisible = 0;
			defaultConfigurationName = Release;
		};
/* End XCConfigurationList section */
	};
	rootObject = FD6F5E651ACE6F9400B3B945 /* Project object */;
}
