// !$*UTF8*$!
{
	archiveVersion = 1;
	classes = {
	};
	objectVersion = 46;
	objects = {

/* Begin PBXBuildFile section */
		FD7037F11A84C5B800098653 /* 1.jpeg in Resources */ = {isa = PBXBuildFile; fileRef = FD7037ED1A84C5B800098653 /* 1.jpeg */; };
		FD7037F31A84C5B800098653 /* 3.jpeg in Resources */ = {isa = PBXBuildFile; fileRef = FD7037EF1A84C5B800098653 /* 3.jpeg */; };
		FD7037F41A84C5B800098653 /* 2.jpeg in Resources */ = {isa = PBXBuildFile; fileRef = FD7037F01A84C5B800098653 /* 2.jpeg */; };
		FD7037F61A84C66300098653 /* re.jpeg in Resources */ = {isa = PBXBuildFile; fileRef = FD7037F51A84C66300098653 /* re.jpeg */; };
		FD7037F81A84C6DF00098653 /* images.jpeg in Resources */ = {isa = PBXBuildFile; fileRef = FD7037F71A84C6DF00098653 /* images.jpeg */; };
		FD8DE3551A84BB5F00BBAD60 /* AppDelegate.swift in Sources */ = {isa = PBXBuildFile; fileRef = FD8DE3541A84BB5F00BBAD60 /* AppDelegate.swift */; };
		FD8DE3571A84BB5F00BBAD60 /* ViewController.swift in Sources */ = {isa = PBXBuildFile; fileRef = FD8DE3561A84BB5F00BBAD60 /* ViewController.swift */; };
		FD8DE35A1A84BB5F00BBAD60 /* Main.storyboard in Resources */ = {isa = PBXBuildFile; fileRef = FD8DE3581A84BB5F00BBAD60 /* Main.storyboard */; };
		FD8DE35C1A84BB5F00BBAD60 /* Images.xcassets in Resources */ = {isa = PBXBuildFile; fileRef = FD8DE35B1A84BB5F00BBAD60 /* Images.xcassets */; };
		FD8DE35F1A84BB5F00BBAD60 /* LaunchScreen.xib in Resources */ = {isa = PBXBuildFile; fileRef = FD8DE35D1A84BB5F00BBAD60 /* LaunchScreen.xib */; };
		FD8DE36B1A84BB5F00BBAD60 /* TipOneTwoThreeTests.swift in Sources */ = {isa = PBXBuildFile; fileRef = FD8DE36A1A84BB5F00BBAD60 /* TipOneTwoThreeTests.swift */; };
/* End PBXBuildFile section */

/* Begin PBXContainerItemProxy section */
		FD8DE3651A84BB5F00BBAD60 /* PBXContainerItemProxy */ = {
			isa = PBXContainerItemProxy;
			containerPortal = FD8DE3471A84BB5F00BBAD60 /* Project object */;
			proxyType = 1;
			remoteGlobalIDString = FD8DE34E1A84BB5F00BBAD60;
			remoteInfo = TipOneTwoThree;
		};
/* End PBXContainerItemProxy section */

/* Begin PBXFileReference section */
		FD7037ED1A84C5B800098653 /* 1.jpeg */ = {isa = PBXFileReference; lastKnownFileType = image.jpeg; name = 1.jpeg; path = ../../../1.jpeg; sourceTree = "<group>"; };
		FD7037EF1A84C5B800098653 /* 3.jpeg */ = {isa = PBXFileReference; lastKnownFileType = image.jpeg; name = 3.jpeg; path = ../../../3.jpeg; sourceTree = "<group>"; };
		FD7037F01A84C5B800098653 /* 2.jpeg */ = {isa = PBXFileReference; lastKnownFileType = image.jpeg; name = 2.jpeg; path = ../../../2.jpeg; sourceTree = "<group>"; };
		FD7037F51A84C66300098653 /* re.jpeg */ = {isa = PBXFileReference; lastKnownFileType = image.jpeg; name = re.jpeg; path = ../../../re.jpeg; sourceTree = "<group>"; };
		FD7037F71A84C6DF00098653 /* images.jpeg */ = {isa = PBXFileReference; lastKnownFileType = image.jpeg; name = images.jpeg; path = ../../../images.jpeg; sourceTree = "<group>"; };
		FD8DE34F1A84BB5F00BBAD60 /* TipOneTwoThree.app */ = {isa = PBXFileReference; explicitFileType = wrapper.application; includeInIndex = 0; path = TipOneTwoThree.app; sourceTree = BUILT_PRODUCTS_DIR; };
		FD8DE3531A84BB5F00BBAD60 /* Info.plist */ = {isa = PBXFileReference; lastKnownFileType = text.plist.xml; path = Info.plist; sourceTree = "<group>"; };
		FD8DE3541A84BB5F00BBAD60 /* AppDelegate.swift */ = {isa = PBXFileReference; lastKnownFileType = sourcecode.swift; path = AppDelegate.swift; sourceTree = "<group>"; };
		FD8DE3561A84BB5F00BBAD60 /* ViewController.swift */ = {isa = PBXFileReference; lastKnownFileType = sourcecode.swift; path = ViewController.swift; sourceTree = "<group>"; };
		FD8DE3591A84BB5F00BBAD60 /* Base */ = {isa = PBXFileReference; lastKnownFileType = file.storyboard; name = Base; path = Base.lproj/Main.storyboard; sourceTree = "<group>"; };
		FD8DE35B1A84BB5F00BBAD60 /* Images.xcassets */ = {isa = PBXFileReference; lastKnownFileType = folder.assetcatalog; path = Images.xcassets; sourceTree = "<group>"; };
		FD8DE35E1A84BB5F00BBAD60 /* Base */ = {isa = PBXFileReference; lastKnownFileType = file.xib; name = Base; path = Base.lproj/LaunchScreen.xib; sourceTree = "<group>"; };
		FD8DE3641A84BB5F00BBAD60 /* TipOneTwoThreeTests.xctest */ = {isa = PBXFileReference; explicitFileType = wrapper.cfbundle; includeInIndex = 0; path = TipOneTwoThreeTests.xctest; sourceTree = BUILT_PRODUCTS_DIR; };
		FD8DE3691A84BB5F00BBAD60 /* Info.plist */ = {isa = PBXFileReference; lastKnownFileType = text.plist.xml; path = Info.plist; sourceTree = "<group>"; };
		FD8DE36A1A84BB5F00BBAD60 /* TipOneTwoThreeTests.swift */ = {isa = PBXFileReference; lastKnownFileType = sourcecode.swift; path = TipOneTwoThreeTests.swift; sourceTree = "<group>"; };
/* End PBXFileReference section */

/* Begin PBXFrameworksBuildPhase section */
		FD8DE34C1A84BB5F00BBAD60 /* Frameworks */ = {
			isa = PBXFrameworksBuildPhase;
			buildActionMask = 2147483647;
			files = (
			);
			runOnlyForDeploymentPostprocessing = 0;
		};
		FD8DE3611A84BB5F00BBAD60 /* Frameworks */ = {
			isa = PBXFrameworksBuildPhase;
			buildActionMask = 2147483647;
			files = (
			);
			runOnlyForDeploymentPostprocessing = 0;
		};
/* End PBXFrameworksBuildPhase section */

/* Begin PBXGroup section */
		FD8DE3461A84BB5F00BBAD60 = {
			isa = PBXGroup;
			children = (
				FD8DE3511A84BB5F00BBAD60 /* TipOneTwoThree */,
				FD8DE3671A84BB5F00BBAD60 /* TipOneTwoThreeTests */,
				FD8DE3501A84BB5F00BBAD60 /* Products */,
			);
			sourceTree = "<group>";
		};
		FD8DE3501A84BB5F00BBAD60 /* Products */ = {
			isa = PBXGroup;
			children = (
				FD8DE34F1A84BB5F00BBAD60 /* TipOneTwoThree.app */,
				FD8DE3641A84BB5F00BBAD60 /* TipOneTwoThreeTests.xctest */,
			);
			name = Products;
			sourceTree = "<group>";
		};
		FD8DE3511A84BB5F00BBAD60 /* TipOneTwoThree */ = {
			isa = PBXGroup;
			children = (
				FD8DE3541A84BB5F00BBAD60 /* AppDelegate.swift */,
				FD8DE3561A84BB5F00BBAD60 /* ViewController.swift */,
				FD8DE3581A84BB5F00BBAD60 /* Main.storyboard */,
				FD8DE35B1A84BB5F00BBAD60 /* Images.xcassets */,
				FD8DE35D1A84BB5F00BBAD60 /* LaunchScreen.xib */,
				FD8DE3521A84BB5F00BBAD60 /* Supporting Files */,
			);
			path = TipOneTwoThree;
			sourceTree = "<group>";
		};
		FD8DE3521A84BB5F00BBAD60 /* Supporting Files */ = {
			isa = PBXGroup;
			children = (
				FD7037F71A84C6DF00098653 /* images.jpeg */,
				FD7037F51A84C66300098653 /* re.jpeg */,
				FD7037ED1A84C5B800098653 /* 1.jpeg */,
				FD7037EF1A84C5B800098653 /* 3.jpeg */,
				FD7037F01A84C5B800098653 /* 2.jpeg */,
				FD8DE3531A84BB5F00BBAD60 /* Info.plist */,
			);
			name = "Supporting Files";
			sourceTree = "<group>";
		};
		FD8DE3671A84BB5F00BBAD60 /* TipOneTwoThreeTests */ = {
			isa = PBXGroup;
			children = (
				FD8DE36A1A84BB5F00BBAD60 /* TipOneTwoThreeTests.swift */,
				FD8DE3681A84BB5F00BBAD60 /* Supporting Files */,
			);
			path = TipOneTwoThreeTests;
			sourceTree = "<group>";
		};
		FD8DE3681A84BB5F00BBAD60 /* Supporting Files */ = {
			isa = PBXGroup;
			children = (
				FD8DE3691A84BB5F00BBAD60 /* Info.plist */,
			);
			name = "Supporting Files";
			sourceTree = "<group>";
		};
/* End PBXGroup section */

/* Begin PBXNativeTarget section */
		FD8DE34E1A84BB5F00BBAD60 /* TipOneTwoThree */ = {
			isa = PBXNativeTarget;
			buildConfigurationList = FD8DE36E1A84BB5F00BBAD60 /* Build configuration list for PBXNativeTarget "TipOneTwoThree" */;
			buildPhases = (
				FD8DE34B1A84BB5F00BBAD60 /* Sources */,
				FD8DE34C1A84BB5F00BBAD60 /* Frameworks */,
				FD8DE34D1A84BB5F00BBAD60 /* Resources */,
			);
			buildRules = (
			);
			dependencies = (
			);
			name = TipOneTwoThree;
			productName = TipOneTwoThree;
			productReference = FD8DE34F1A84BB5F00BBAD60 /* TipOneTwoThree.app */;
			productType = "com.apple.product-type.application";
		};
		FD8DE3631A84BB5F00BBAD60 /* TipOneTwoThreeTests */ = {
			isa = PBXNativeTarget;
			buildConfigurationList = FD8DE3711A84BB5F00BBAD60 /* Build configuration list for PBXNativeTarget "TipOneTwoThreeTests" */;
			buildPhases = (
				FD8DE3601A84BB5F00BBAD60 /* Sources */,
				FD8DE3611A84BB5F00BBAD60 /* Frameworks */,
				FD8DE3621A84BB5F00BBAD60 /* Resources */,
			);
			buildRules = (
			);
			dependencies = (
				FD8DE3661A84BB5F00BBAD60 /* PBXTargetDependency */,
			);
			name = TipOneTwoThreeTests;
			productName = TipOneTwoThreeTests;
			productReference = FD8DE3641A84BB5F00BBAD60 /* TipOneTwoThreeTests.xctest */;
			productType = "com.apple.product-type.bundle.unit-test";
		};
/* End PBXNativeTarget section */

/* Begin PBXProject section */
		FD8DE3471A84BB5F00BBAD60 /* Project object */ = {
			isa = PBXProject;
			attributes = {
				LastUpgradeCheck = 0600;
				ORGANIZATIONNAME = iStudents;
				TargetAttributes = {
					FD8DE34E1A84BB5F00BBAD60 = {
						CreatedOnToolsVersion = 6.0;
					};
					FD8DE3631A84BB5F00BBAD60 = {
						CreatedOnToolsVersion = 6.0;
						TestTargetID = FD8DE34E1A84BB5F00BBAD60;
					};
				};
			};
			buildConfigurationList = FD8DE34A1A84BB5F00BBAD60 /* Build configuration list for PBXProject "TipOneTwoThree" */;
			compatibilityVersion = "Xcode 3.2";
			developmentRegion = English;
			hasScannedForEncodings = 0;
			knownRegions = (
				en,
				Base,
			);
			mainGroup = FD8DE3461A84BB5F00BBAD60;
			productRefGroup = FD8DE3501A84BB5F00BBAD60 /* Products */;
			projectDirPath = "";
			projectRoot = "";
			targets = (
				FD8DE34E1A84BB5F00BBAD60 /* TipOneTwoThree */,
				FD8DE3631A84BB5F00BBAD60 /* TipOneTwoThreeTests */,
			);
		};
/* End PBXProject section */

/* Begin PBXResourcesBuildPhase section */
		FD8DE34D1A84BB5F00BBAD60 /* Resources */ = {
			isa = PBXResourcesBuildPhase;
			buildActionMask = 2147483647;
			files = (
				FD8DE35A1A84BB5F00BBAD60 /* Main.storyboard in Resources */,
				FD7037F61A84C66300098653 /* re.jpeg in Resources */,
				FD8DE35F1A84BB5F00BBAD60 /* LaunchScreen.xib in Resources */,
				FD7037F31A84C5B800098653 /* 3.jpeg in Resources */,
				FD8DE35C1A84BB5F00BBAD60 /* Images.xcassets in Resources */,
				FD7037F81A84C6DF00098653 /* images.jpeg in Resources */,
				FD7037F11A84C5B800098653 /* 1.jpeg in Resources */,
				FD7037F41A84C5B800098653 /* 2.jpeg in Resources */,
			);
			runOnlyForDeploymentPostprocessing = 0;
		};
		FD8DE3621A84BB5F00BBAD60 /* Resources */ = {
			isa = PBXResourcesBuildPhase;
			buildActionMask = 2147483647;
			files = (
			);
			runOnlyForDeploymentPostprocessing = 0;
		};
/* End PBXResourcesBuildPhase section */

/* Begin PBXSourcesBuildPhase section */
		FD8DE34B1A84BB5F00BBAD60 /* Sources */ = {
			isa = PBXSourcesBuildPhase;
			buildActionMask = 2147483647;
			files = (
				FD8DE3571A84BB5F00BBAD60 /* ViewController.swift in Sources */,
				FD8DE3551A84BB5F00BBAD60 /* AppDelegate.swift in Sources */,
			);
			runOnlyForDeploymentPostprocessing = 0;
		};
		FD8DE3601A84BB5F00BBAD60 /* Sources */ = {
			isa = PBXSourcesBuildPhase;
			buildActionMask = 2147483647;
			files = (
				FD8DE36B1A84BB5F00BBAD60 /* TipOneTwoThreeTests.swift in Sources */,
			);
			runOnlyForDeploymentPostprocessing = 0;
		};
/* End PBXSourcesBuildPhase section */

/* Begin PBXTargetDependency section */
		FD8DE3661A84BB5F00BBAD60 /* PBXTargetDependency */ = {
			isa = PBXTargetDependency;
			target = FD8DE34E1A84BB5F00BBAD60 /* TipOneTwoThree */;
			targetProxy = FD8DE3651A84BB5F00BBAD60 /* PBXContainerItemProxy */;
		};
/* End PBXTargetDependency section */

/* Begin PBXVariantGroup section */
		FD8DE3581A84BB5F00BBAD60 /* Main.storyboard */ = {
			isa = PBXVariantGroup;
			children = (
				FD8DE3591A84BB5F00BBAD60 /* Base */,
			);
			name = Main.storyboard;
			sourceTree = "<group>";
		};
		FD8DE35D1A84BB5F00BBAD60 /* LaunchScreen.xib */ = {
			isa = PBXVariantGroup;
			children = (
				FD8DE35E1A84BB5F00BBAD60 /* Base */,
			);
			name = LaunchScreen.xib;
			sourceTree = "<group>";
		};
/* End PBXVariantGroup section */

/* Begin XCBuildConfiguration section */
		FD8DE36C1A84BB5F00BBAD60 /* Debug */ = {
			isa = XCBuildConfiguration;
			buildSettings = {
				ALWAYS_SEARCH_USER_PATHS = NO;
				CLANG_CXX_LANGUAGE_STANDARD = "gnu++0x";
				CLANG_CXX_LIBRARY = "libc++";
				CLANG_ENABLE_MODULES = YES;
				CLANG_ENABLE_OBJC_ARC = YES;
				CLANG_WARN_BOOL_CONVERSION = YES;
				CLANG_WARN_CONSTANT_CONVERSION = YES;
				CLANG_WARN_DIRECT_OBJC_ISA_USAGE = YES_ERROR;
				CLANG_WARN_EMPTY_BODY = YES;
				CLANG_WARN_ENUM_CONVERSION = YES;
				CLANG_WARN_INT_CONVERSION = YES;
				CLANG_WARN_OBJC_ROOT_CLASS = YES_ERROR;
				CLANG_WARN_UNREACHABLE_CODE = YES;
				CLANG_WARN__DUPLICATE_METHOD_MATCH = YES;
				"CODE_SIGN_IDENTITY[sdk=iphoneos*]" = "iPhone Developer";
				COPY_PHASE_STRIP = NO;
				ENABLE_STRICT_OBJC_MSGSEND = YES;
				GCC_C_LANGUAGE_STANDARD = gnu99;
				GCC_DYNAMIC_NO_PIC = NO;
				GCC_OPTIMIZATION_LEVEL = 0;
				GCC_PREPROCESSOR_DEFINITIONS = (
					"DEBUG=1",
					"$(inherited)",
				);
				GCC_SYMBOLS_PRIVATE_EXTERN = NO;
				GCC_WARN_64_TO_32_BIT_CONVERSION = YES;
				GCC_WARN_ABOUT_RETURN_TYPE = YES_ERROR;
				GCC_WARN_UNDECLARED_SELECTOR = YES;
				GCC_WARN_UNINITIALIZED_AUTOS = YES_AGGRESSIVE;
				GCC_WARN_UNUSED_FUNCTION = YES;
				GCC_WARN_UNUSED_VARIABLE = YES;
				IPHONEOS_DEPLOYMENT_TARGET = 8.0;
				MTL_ENABLE_DEBUG_INFO = YES;
				ONLY_ACTIVE_ARCH = YES;
				SDKROOT = iphoneos;
				SWIFT_OPTIMIZATION_LEVEL = "-Onone";
			};
			name = Debug;
		};
		FD8DE36D1A84BB5F00BBAD60 /* Release */ = {
			isa = XCBuildConfiguration;
			buildSettings = {
				ALWAYS_SEARCH_USER_PATHS = NO;
				CLANG_CXX_LANGUAGE_STANDARD = "gnu++0x";
				CLANG_CXX_LIBRARY = "libc++";
				CLANG_ENABLE_MODULES = YES;
				CLANG_ENABLE_OBJC_ARC = YES;
				CLANG_WARN_BOOL_CONVERSION = YES;
				CLANG_WARN_CONSTANT_CONVERSION = YES;
				CLANG_WARN_DIRECT_OBJC_ISA_USAGE = YES_ERROR;
				CLANG_WARN_EMPTY_BODY = YES;
				CLANG_WARN_ENUM_CONVERSION = YES;
				CLANG_WARN_INT_CONVERSION = YES;
				CLANG_WARN_OBJC_ROOT_CLASS = YES_ERROR;
				CLANG_WARN_UNREACHABLE_CODE = YES;
				CLANG_WARN__DUPLICATE_METHOD_MATCH = YES;
				"CODE_SIGN_IDENTITY[sdk=iphoneos*]" = "iPhone Developer";
				COPY_PHASE_STRIP = YES;
				ENABLE_NS_ASSERTIONS = NO;
				ENABLE_STRICT_OBJC_MSGSEND = YES;
				GCC_C_LANGUAGE_STANDARD = gnu99;
				GCC_WARN_64_TO_32_BIT_CONVERSION = YES;
				GCC_WARN_ABOUT_RETURN_TYPE = YES_ERROR;
				GCC_WARN_UNDECLARED_SELECTOR = YES;
				GCC_WARN_UNINITIALIZED_AUTOS = YES_AGGRESSIVE;
				GCC_WARN_UNUSED_FUNCTION = YES;
				GCC_WARN_UNUSED_VARIABLE = YES;
				IPHONEOS_DEPLOYMENT_TARGET = 8.0;
				MTL_ENABLE_DEBUG_INFO = NO;
				SDKROOT = iphoneos;
				VALIDATE_PRODUCT = YES;
			};
			name = Release;
		};
		FD8DE36F1A84BB5F00BBAD60 /* Debug */ = {
			isa = XCBuildConfiguration;
			buildSettings = {
				ASSETCATALOG_COMPILER_APPICON_NAME = AppIcon;
				INFOPLIST_FILE = TipOneTwoThree/Info.plist;
				LD_RUNPATH_SEARCH_PATHS = "$(inherited) @executable_path/Frameworks";
				PRODUCT_NAME = "$(TARGET_NAME)";
			};
			name = Debug;
		};
		FD8DE3701A84BB5F00BBAD60 /* Release */ = {
			isa = XCBuildConfiguration;
			buildSettings = {
				ASSETCATALOG_COMPILER_APPICON_NAME = AppIcon;
				INFOPLIST_FILE = TipOneTwoThree/Info.plist;
				LD_RUNPATH_SEARCH_PATHS = "$(inherited) @executable_path/Frameworks";
				PRODUCT_NAME = "$(TARGET_NAME)";
			};
			name = Release;
		};
		FD8DE3721A84BB5F00BBAD60 /* Debug */ = {
			isa = XCBuildConfiguration;
			buildSettings = {
				BUNDLE_LOADER = "$(TEST_HOST)";
				FRAMEWORK_SEARCH_PATHS = (
					"$(SDKROOT)/Developer/Library/Frameworks",
					"$(inherited)",
				);
				GCC_PREPROCESSOR_DEFINITIONS = (
					"DEBUG=1",
					"$(inherited)",
				);
				INFOPLIST_FILE = TipOneTwoThreeTests/Info.plist;
				LD_RUNPATH_SEARCH_PATHS = "$(inherited) @executable_path/Frameworks @loader_path/Frameworks";
				PRODUCT_NAME = "$(TARGET_NAME)";
				TEST_HOST = "$(BUILT_PRODUCTS_DIR)/TipOneTwoThree.app/TipOneTwoThree";
			};
			name = Debug;
		};
		FD8DE3731A84BB5F00BBAD60 /* Release */ = {
			isa = XCBuildConfiguration;
			buildSettings = {
				BUNDLE_LOADER = "$(TEST_HOST)";
				FRAMEWORK_SEARCH_PATHS = (
					"$(SDKROOT)/Developer/Library/Frameworks",
					"$(inherited)",
				);
				INFOPLIST_FILE = TipOneTwoThreeTests/Info.plist;
				LD_RUNPATH_SEARCH_PATHS = "$(inherited) @executable_path/Frameworks @loader_path/Frameworks";
				PRODUCT_NAME = "$(TARGET_NAME)";
				TEST_HOST = "$(BUILT_PRODUCTS_DIR)/TipOneTwoThree.app/TipOneTwoThree";
			};
			name = Release;
		};
/* End XCBuildConfiguration section */

/* Begin XCConfigurationList section */
		FD8DE34A1A84BB5F00BBAD60 /* Build configuration list for PBXProject "TipOneTwoThree" */ = {
			isa = XCConfigurationList;
			buildConfigurations = (
				FD8DE36C1A84BB5F00BBAD60 /* Debug */,
				FD8DE36D1A84BB5F00BBAD60 /* Release */,
			);
			defaultConfigurationIsVisible = 0;
			defaultConfigurationName = Release;
		};
		FD8DE36E1A84BB5F00BBAD60 /* Build configuration list for PBXNativeTarget "TipOneTwoThree" */ = {
			isa = XCConfigurationList;
			buildConfigurations = (
				FD8DE36F1A84BB5F00BBAD60 /* Debug */,
				FD8DE3701A84BB5F00BBAD60 /* Release */,
			);
			defaultConfigurationIsVisible = 0;
			defaultConfigurationName = Release;
		};
		FD8DE3711A84BB5F00BBAD60 /* Build configuration list for PBXNativeTarget "TipOneTwoThreeTests" */ = {
			isa = XCConfigurationList;
			buildConfigurations = (
				FD8DE3721A84BB5F00BBAD60 /* Debug */,
				FD8DE3731A84BB5F00BBAD60 /* Release */,
			);
			defaultConfigurationIsVisible = 0;
			defaultConfigurationName = Release;
		};
/* End XCConfigurationList section */
	};
	rootObject = FD8DE3471A84BB5F00BBAD60 /* Project object */;
}
