// !$*UTF8*$!
{
	archiveVersion = 1;
	classes = {
	};
	objectVersion = 46;
	objects = {

/* Begin PBXBuildFile section */
		FD07BAB51AA052BC002485EA /* AppDelegate.swift in Sources */ = {isa = PBXBuildFile; fileRef = FD07BAB41AA052BC002485EA /* AppDelegate.swift */; };
		FD07BABA1AA052BC002485EA /* Main.storyboard in Resources */ = {isa = PBXBuildFile; fileRef = FD07BAB81AA052BC002485EA /* Main.storyboard */; };
		FD07BABC1AA052BC002485EA /* Images.xcassets in Resources */ = {isa = PBXBuildFile; fileRef = FD07BABB1AA052BC002485EA /* Images.xcassets */; };
		FD07BABF1AA052BC002485EA /* LaunchScreen.xib in Resources */ = {isa = PBXBuildFile; fileRef = FD07BABD1AA052BC002485EA /* LaunchScreen.xib */; };
		FD07BACB1AA052BC002485EA /* customUITableViewTests.swift in Sources */ = {isa = PBXBuildFile; fileRef = FD07BACA1AA052BC002485EA /* customUITableViewTests.swift */; };
		FD07BAD51AA052E4002485EA /* TableViewController.swift in Sources */ = {isa = PBXBuildFile; fileRef = FD07BAD41AA052E4002485EA /* TableViewController.swift */; };
		FD07BAD71AA052F6002485EA /* TableViewCell.swift in Sources */ = {isa = PBXBuildFile; fileRef = FD07BAD61AA052F6002485EA /* TableViewCell.swift */; };
		FD07BAD91AA058CE002485EA /* data.swift in Sources */ = {isa = PBXBuildFile; fileRef = FD07BAD81AA058CE002485EA /* data.swift */; };
		FD07BADB1AA0590F002485EA /* balloon.swift in Sources */ = {isa = PBXBuildFile; fileRef = FD07BADA1AA0590F002485EA /* balloon.swift */; };
		FD07BAF91AA06D84002485EA /* Arsenal.png in Resources */ = {isa = PBXBuildFile; fileRef = FD07BAF61AA06D84002485EA /* Arsenal.png */; };
		FD07BAFA1AA06D84002485EA /* barcelona.png in Resources */ = {isa = PBXBuildFile; fileRef = FD07BAF71AA06D84002485EA /* barcelona.png */; };
		FD07BAFB1AA06D84002485EA /* manchester.png in Resources */ = {isa = PBXBuildFile; fileRef = FD07BAF81AA06D84002485EA /* manchester.png */; };
/* End PBXBuildFile section */

/* Begin PBXContainerItemProxy section */
		FD07BAC51AA052BC002485EA /* PBXContainerItemProxy */ = {
			isa = PBXContainerItemProxy;
			containerPortal = FD07BAA71AA052BC002485EA /* Project object */;
			proxyType = 1;
			remoteGlobalIDString = FD07BAAE1AA052BC002485EA;
			remoteInfo = customUITableView;
		};
/* End PBXContainerItemProxy section */

/* Begin PBXFileReference section */
		FD07BAAF1AA052BC002485EA /* customUITableView.app */ = {isa = PBXFileReference; explicitFileType = wrapper.application; includeInIndex = 0; path = customUITableView.app; sourceTree = BUILT_PRODUCTS_DIR; };
		FD07BAB31AA052BC002485EA /* Info.plist */ = {isa = PBXFileReference; lastKnownFileType = text.plist.xml; path = Info.plist; sourceTree = "<group>"; };
		FD07BAB41AA052BC002485EA /* AppDelegate.swift */ = {isa = PBXFileReference; lastKnownFileType = sourcecode.swift; path = AppDelegate.swift; sourceTree = "<group>"; };
		FD07BAB91AA052BC002485EA /* Base */ = {isa = PBXFileReference; lastKnownFileType = file.storyboard; name = Base; path = Base.lproj/Main.storyboard; sourceTree = "<group>"; };
		FD07BABB1AA052BC002485EA /* Images.xcassets */ = {isa = PBXFileReference; lastKnownFileType = folder.assetcatalog; path = Images.xcassets; sourceTree = "<group>"; };
		FD07BABE1AA052BC002485EA /* Base */ = {isa = PBXFileReference; lastKnownFileType = file.xib; name = Base; path = Base.lproj/LaunchScreen.xib; sourceTree = "<group>"; };
		FD07BAC41AA052BC002485EA /* customUITableViewTests.xctest */ = {isa = PBXFileReference; explicitFileType = wrapper.cfbundle; includeInIndex = 0; path = customUITableViewTests.xctest; sourceTree = BUILT_PRODUCTS_DIR; };
		FD07BAC91AA052BC002485EA /* Info.plist */ = {isa = PBXFileReference; lastKnownFileType = text.plist.xml; path = Info.plist; sourceTree = "<group>"; };
		FD07BACA1AA052BC002485EA /* customUITableViewTests.swift */ = {isa = PBXFileReference; lastKnownFileType = sourcecode.swift; path = customUITableViewTests.swift; sourceTree = "<group>"; };
		FD07BAD41AA052E4002485EA /* TableViewController.swift */ = {isa = PBXFileReference; fileEncoding = 4; lastKnownFileType = sourcecode.swift; path = TableViewController.swift; sourceTree = "<group>"; };
		FD07BAD61AA052F6002485EA /* TableViewCell.swift */ = {isa = PBXFileReference; fileEncoding = 4; lastKnownFileType = sourcecode.swift; path = TableViewCell.swift; sourceTree = "<group>"; };
		FD07BAD81AA058CE002485EA /* data.swift */ = {isa = PBXFileReference; fileEncoding = 4; lastKnownFileType = sourcecode.swift; path = data.swift; sourceTree = "<group>"; };
		FD07BADA1AA0590F002485EA /* balloon.swift */ = {isa = PBXFileReference; fileEncoding = 4; lastKnownFileType = sourcecode.swift; path = balloon.swift; sourceTree = "<group>"; };
		FD07BAF61AA06D84002485EA /* Arsenal.png */ = {isa = PBXFileReference; lastKnownFileType = image.png; path = Arsenal.png; sourceTree = SOURCE_ROOT; };
		FD07BAF71AA06D84002485EA /* barcelona.png */ = {isa = PBXFileReference; lastKnownFileType = image.png; path = barcelona.png; sourceTree = SOURCE_ROOT; };
		FD07BAF81AA06D84002485EA /* manchester.png */ = {isa = PBXFileReference; lastKnownFileType = image.png; path = manchester.png; sourceTree = SOURCE_ROOT; };
/* End PBXFileReference section */

/* Begin PBXFrameworksBuildPhase section */
		FD07BAAC1AA052BC002485EA /* Frameworks */ = {
			isa = PBXFrameworksBuildPhase;
			buildActionMask = 2147483647;
			files = (
			);
			runOnlyForDeploymentPostprocessing = 0;
		};
		FD07BAC11AA052BC002485EA /* Frameworks */ = {
			isa = PBXFrameworksBuildPhase;
			buildActionMask = 2147483647;
			files = (
			);
			runOnlyForDeploymentPostprocessing = 0;
		};
/* End PBXFrameworksBuildPhase section */

/* Begin PBXGroup section */
		FD07BAA61AA052BC002485EA = {
			isa = PBXGroup;
			children = (
				FD07BAB11AA052BC002485EA /* customUITableView */,
				FD07BAC71AA052BC002485EA /* customUITableViewTests */,
				FD07BAB01AA052BC002485EA /* Products */,
			);
			sourceTree = "<group>";
		};
		FD07BAB01AA052BC002485EA /* Products */ = {
			isa = PBXGroup;
			children = (
				FD07BAAF1AA052BC002485EA /* customUITableView.app */,
				FD07BAC41AA052BC002485EA /* customUITableViewTests.xctest */,
			);
			name = Products;
			sourceTree = "<group>";
		};
		FD07BAB11AA052BC002485EA /* customUITableView */ = {
			isa = PBXGroup;
			children = (
				FD07BAB41AA052BC002485EA /* AppDelegate.swift */,
				FD07BAB81AA052BC002485EA /* Main.storyboard */,
				FD07BABB1AA052BC002485EA /* Images.xcassets */,
				FD07BABD1AA052BC002485EA /* LaunchScreen.xib */,
				FD07BAB21AA052BC002485EA /* Supporting Files */,
				FD07BAD41AA052E4002485EA /* TableViewController.swift */,
				FD07BAD61AA052F6002485EA /* TableViewCell.swift */,
				FD07BAD81AA058CE002485EA /* data.swift */,
				FD07BADA1AA0590F002485EA /* balloon.swift */,
			);
			path = customUITableView;
			sourceTree = "<group>";
		};
		FD07BAB21AA052BC002485EA /* Supporting Files */ = {
			isa = PBXGroup;
			children = (
				FD07BAF61AA06D84002485EA /* Arsenal.png */,
				FD07BAF71AA06D84002485EA /* barcelona.png */,
				FD07BAF81AA06D84002485EA /* manchester.png */,
				FD07BAB31AA052BC002485EA /* Info.plist */,
			);
			name = "Supporting Files";
			sourceTree = "<group>";
		};
		FD07BAC71AA052BC002485EA /* customUITableViewTests */ = {
			isa = PBXGroup;
			children = (
				FD07BACA1AA052BC002485EA /* customUITableViewTests.swift */,
				FD07BAC81AA052BC002485EA /* Supporting Files */,
			);
			path = customUITableViewTests;
			sourceTree = "<group>";
		};
		FD07BAC81AA052BC002485EA /* Supporting Files */ = {
			isa = PBXGroup;
			children = (
				FD07BAC91AA052BC002485EA /* Info.plist */,
			);
			name = "Supporting Files";
			sourceTree = "<group>";
		};
/* End PBXGroup section */

/* Begin PBXNativeTarget section */
		FD07BAAE1AA052BC002485EA /* customUITableView */ = {
			isa = PBXNativeTarget;
			buildConfigurationList = FD07BACE1AA052BC002485EA /* Build configuration list for PBXNativeTarget "customUITableView" */;
			buildPhases = (
				FD07BAAB1AA052BC002485EA /* Sources */,
				FD07BAAC1AA052BC002485EA /* Frameworks */,
				FD07BAAD1AA052BC002485EA /* Resources */,
			);
			buildRules = (
			);
			dependencies = (
			);
			name = customUITableView;
			productName = customUITableView;
			productReference = FD07BAAF1AA052BC002485EA /* customUITableView.app */;
			productType = "com.apple.product-type.application";
		};
		FD07BAC31AA052BC002485EA /* customUITableViewTests */ = {
			isa = PBXNativeTarget;
			buildConfigurationList = FD07BAD11AA052BC002485EA /* Build configuration list for PBXNativeTarget "customUITableViewTests" */;
			buildPhases = (
				FD07BAC01AA052BC002485EA /* Sources */,
				FD07BAC11AA052BC002485EA /* Frameworks */,
				FD07BAC21AA052BC002485EA /* Resources */,
			);
			buildRules = (
			);
			dependencies = (
				FD07BAC61AA052BC002485EA /* PBXTargetDependency */,
			);
			name = customUITableViewTests;
			productName = customUITableViewTests;
			productReference = FD07BAC41AA052BC002485EA /* customUITableViewTests.xctest */;
			productType = "com.apple.product-type.bundle.unit-test";
		};
/* End PBXNativeTarget section */

/* Begin PBXProject section */
		FD07BAA71AA052BC002485EA /* Project object */ = {
			isa = PBXProject;
			attributes = {
				LastUpgradeCheck = 0600;
				ORGANIZATIONNAME = iStudents;
				TargetAttributes = {
					FD07BAAE1AA052BC002485EA = {
						CreatedOnToolsVersion = 6.0;
					};
					FD07BAC31AA052BC002485EA = {
						CreatedOnToolsVersion = 6.0;
						TestTargetID = FD07BAAE1AA052BC002485EA;
					};
				};
			};
			buildConfigurationList = FD07BAAA1AA052BC002485EA /* Build configuration list for PBXProject "customUITableView" */;
			compatibilityVersion = "Xcode 3.2";
			developmentRegion = English;
			hasScannedForEncodings = 0;
			knownRegions = (
				en,
				Base,
			);
			mainGroup = FD07BAA61AA052BC002485EA;
			productRefGroup = FD07BAB01AA052BC002485EA /* Products */;
			projectDirPath = "";
			projectRoot = "";
			targets = (
				FD07BAAE1AA052BC002485EA /* customUITableView */,
				FD07BAC31AA052BC002485EA /* customUITableViewTests */,
			);
		};
/* End PBXProject section */

/* Begin PBXResourcesBuildPhase section */
		FD07BAAD1AA052BC002485EA /* Resources */ = {
			isa = PBXResourcesBuildPhase;
			buildActionMask = 2147483647;
			files = (
				FD07BAF91AA06D84002485EA /* Arsenal.png in Resources */,
				FD07BAFB1AA06D84002485EA /* manchester.png in Resources */,
				FD07BAFA1AA06D84002485EA /* barcelona.png in Resources */,
				FD07BABA1AA052BC002485EA /* Main.storyboard in Resources */,
				FD07BABF1AA052BC002485EA /* LaunchScreen.xib in Resources */,
				FD07BABC1AA052BC002485EA /* Images.xcassets in Resources */,
			);
			runOnlyForDeploymentPostprocessing = 0;
		};
		FD07BAC21AA052BC002485EA /* Resources */ = {
			isa = PBXResourcesBuildPhase;
			buildActionMask = 2147483647;
			files = (
			);
			runOnlyForDeploymentPostprocessing = 0;
		};
/* End PBXResourcesBuildPhase section */

/* Begin PBXSourcesBuildPhase section */
		FD07BAAB1AA052BC002485EA /* Sources */ = {
			isa = PBXSourcesBuildPhase;
			buildActionMask = 2147483647;
			files = (
				FD07BAD71AA052F6002485EA /* TableViewCell.swift in Sources */,
				FD07BAB51AA052BC002485EA /* AppDelegate.swift in Sources */,
				FD07BAD51AA052E4002485EA /* TableViewController.swift in Sources */,
				FD07BAD91AA058CE002485EA /* data.swift in Sources */,
				FD07BADB1AA0590F002485EA /* balloon.swift in Sources */,
			);
			runOnlyForDeploymentPostprocessing = 0;
		};
		FD07BAC01AA052BC002485EA /* Sources */ = {
			isa = PBXSourcesBuildPhase;
			buildActionMask = 2147483647;
			files = (
				FD07BACB1AA052BC002485EA /* customUITableViewTests.swift in Sources */,
			);
			runOnlyForDeploymentPostprocessing = 0;
		};
/* End PBXSourcesBuildPhase section */

/* Begin PBXTargetDependency section */
		FD07BAC61AA052BC002485EA /* PBXTargetDependency */ = {
			isa = PBXTargetDependency;
			target = FD07BAAE1AA052BC002485EA /* customUITableView */;
			targetProxy = FD07BAC51AA052BC002485EA /* PBXContainerItemProxy */;
		};
/* End PBXTargetDependency section */

/* Begin PBXVariantGroup section */
		FD07BAB81AA052BC002485EA /* Main.storyboard */ = {
			isa = PBXVariantGroup;
			children = (
				FD07BAB91AA052BC002485EA /* Base */,
			);
			name = Main.storyboard;
			sourceTree = "<group>";
		};
		FD07BABD1AA052BC002485EA /* LaunchScreen.xib */ = {
			isa = PBXVariantGroup;
			children = (
				FD07BABE1AA052BC002485EA /* Base */,
			);
			name = LaunchScreen.xib;
			sourceTree = "<group>";
		};
/* End PBXVariantGroup section */

/* Begin XCBuildConfiguration section */
		FD07BACC1AA052BC002485EA /* Debug */ = {
			isa = XCBuildConfiguration;
			buildSettings = {
				ALWAYS_SEARCH_USER_PATHS = NO;
				CLANG_CXX_LANGUAGE_STANDARD = "gnu++0x";
				CLANG_CXX_LIBRARY = "libc++";
				CLANG_ENABLE_MODULES = YES;
				CLANG_ENABLE_OBJC_ARC = YES;
				CLANG_WARN_BOOL_CONVERSION = YES;
				CLANG_WARN_CONSTANT_CONVERSION = YES;
				CLANG_WARN_DIRECT_OBJC_ISA_USAGE = YES_ERROR;
				CLANG_WARN_EMPTY_BODY = YES;
				CLANG_WARN_ENUM_CONVERSION = YES;
				CLANG_WARN_INT_CONVERSION = YES;
				CLANG_WARN_OBJC_ROOT_CLASS = YES_ERROR;
				CLANG_WARN_UNREACHABLE_CODE = YES;
				CLANG_WARN__DUPLICATE_METHOD_MATCH = YES;
				"CODE_SIGN_IDENTITY[sdk=iphoneos*]" = "iPhone Developer";
				COPY_PHASE_STRIP = NO;
				ENABLE_STRICT_OBJC_MSGSEND = YES;
				GCC_C_LANGUAGE_STANDARD = gnu99;
				GCC_DYNAMIC_NO_PIC = NO;
				GCC_OPTIMIZATION_LEVEL = 0;
				GCC_PREPROCESSOR_DEFINITIONS = (
					"DEBUG=1",
					"$(inherited)",
				);
				GCC_SYMBOLS_PRIVATE_EXTERN = NO;
				GCC_WARN_64_TO_32_BIT_CONVERSION = YES;
				GCC_WARN_ABOUT_RETURN_TYPE = YES_ERROR;
				GCC_WARN_UNDECLARED_SELECTOR = YES;
				GCC_WARN_UNINITIALIZED_AUTOS = YES_AGGRESSIVE;
				GCC_WARN_UNUSED_FUNCTION = YES;
				GCC_WARN_UNUSED_VARIABLE = YES;
				IPHONEOS_DEPLOYMENT_TARGET = 8.0;
				MTL_ENABLE_DEBUG_INFO = YES;
				ONLY_ACTIVE_ARCH = YES;
				SDKROOT = iphoneos;
				SWIFT_OPTIMIZATION_LEVEL = "-Onone";
			};
			name = Debug;
		};
		FD07BACD1AA052BC002485EA /* Release */ = {
			isa = XCBuildConfiguration;
			buildSettings = {
				ALWAYS_SEARCH_USER_PATHS = NO;
				CLANG_CXX_LANGUAGE_STANDARD = "gnu++0x";
				CLANG_CXX_LIBRARY = "libc++";
				CLANG_ENABLE_MODULES = YES;
				CLANG_ENABLE_OBJC_ARC = YES;
				CLANG_WARN_BOOL_CONVERSION = YES;
				CLANG_WARN_CONSTANT_CONVERSION = YES;
				CLANG_WARN_DIRECT_OBJC_ISA_USAGE = YES_ERROR;
				CLANG_WARN_EMPTY_BODY = YES;
				CLANG_WARN_ENUM_CONVERSION = YES;
				CLANG_WARN_INT_CONVERSION = YES;
				CLANG_WARN_OBJC_ROOT_CLASS = YES_ERROR;
				CLANG_WARN_UNREACHABLE_CODE = YES;
				CLANG_WARN__DUPLICATE_METHOD_MATCH = YES;
				"CODE_SIGN_IDENTITY[sdk=iphoneos*]" = "iPhone Developer";
				COPY_PHASE_STRIP = YES;
				ENABLE_NS_ASSERTIONS = NO;
				ENABLE_STRICT_OBJC_MSGSEND = YES;
				GCC_C_LANGUAGE_STANDARD = gnu99;
				GCC_WARN_64_TO_32_BIT_CONVERSION = YES;
				GCC_WARN_ABOUT_RETURN_TYPE = YES_ERROR;
				GCC_WARN_UNDECLARED_SELECTOR = YES;
				GCC_WARN_UNINITIALIZED_AUTOS = YES_AGGRESSIVE;
				GCC_WARN_UNUSED_FUNCTION = YES;
				GCC_WARN_UNUSED_VARIABLE = YES;
				IPHONEOS_DEPLOYMENT_TARGET = 8.0;
				MTL_ENABLE_DEBUG_INFO = NO;
				SDKROOT = iphoneos;
				VALIDATE_PRODUCT = YES;
			};
			name = Release;
		};
		FD07BACF1AA052BC002485EA /* Debug */ = {
			isa = XCBuildConfiguration;
			buildSettings = {
				ASSETCATALOG_COMPILER_APPICON_NAME = AppIcon;
				INFOPLIST_FILE = customUITableView/Info.plist;
				LD_RUNPATH_SEARCH_PATHS = "$(inherited) @executable_path/Frameworks";
				PRODUCT_NAME = "$(TARGET_NAME)";
			};
			name = Debug;
		};
		FD07BAD01AA052BC002485EA /* Release */ = {
			isa = XCBuildConfiguration;
			buildSettings = {
				ASSETCATALOG_COMPILER_APPICON_NAME = AppIcon;
				INFOPLIST_FILE = customUITableView/Info.plist;
				LD_RUNPATH_SEARCH_PATHS = "$(inherited) @executable_path/Frameworks";
				PRODUCT_NAME = "$(TARGET_NAME)";
			};
			name = Release;
		};
		FD07BAD21AA052BC002485EA /* Debug */ = {
			isa = XCBuildConfiguration;
			buildSettings = {
				BUNDLE_LOADER = "$(TEST_HOST)";
				FRAMEWORK_SEARCH_PATHS = (
					"$(SDKROOT)/Developer/Library/Frameworks",
					"$(inherited)",
				);
				GCC_PREPROCESSOR_DEFINITIONS = (
					"DEBUG=1",
					"$(inherited)",
				);
				INFOPLIST_FILE = customUITableViewTests/Info.plist;
				LD_RUNPATH_SEARCH_PATHS = "$(inherited) @executable_path/Frameworks @loader_path/Frameworks";
				PRODUCT_NAME = "$(TARGET_NAME)";
				TEST_HOST = "$(BUILT_PRODUCTS_DIR)/customUITableView.app/customUITableView";
			};
			name = Debug;
		};
		FD07BAD31AA052BC002485EA /* Release */ = {
			isa = XCBuildConfiguration;
			buildSettings = {
				BUNDLE_LOADER = "$(TEST_HOST)";
				FRAMEWORK_SEARCH_PATHS = (
					"$(SDKROOT)/Developer/Library/Frameworks",
					"$(inherited)",
				);
				INFOPLIST_FILE = customUITableViewTests/Info.plist;
				LD_RUNPATH_SEARCH_PATHS = "$(inherited) @executable_path/Frameworks @loader_path/Frameworks";
				PRODUCT_NAME = "$(TARGET_NAME)";
				TEST_HOST = "$(BUILT_PRODUCTS_DIR)/customUITableView.app/customUITableView";
			};
			name = Release;
		};
/* End XCBuildConfiguration section */

/* Begin XCConfigurationList section */
		FD07BAAA1AA052BC002485EA /* Build configuration list for PBXProject "customUITableView" */ = {
			isa = XCConfigurationList;
			buildConfigurations = (
				FD07BACC1AA052BC002485EA /* Debug */,
				FD07BACD1AA052BC002485EA /* Release */,
			);
			defaultConfigurationIsVisible = 0;
			defaultConfigurationName = Release;
		};
		FD07BACE1AA052BC002485EA /* Build configuration list for PBXNativeTarget "customUITableView" */ = {
			isa = XCConfigurationList;
			buildConfigurations = (
				FD07BACF1AA052BC002485EA /* Debug */,
				FD07BAD01AA052BC002485EA /* Release */,
			);
			defaultConfigurationIsVisible = 0;
		};
		FD07BAD11AA052BC002485EA /* Build configuration list for PBXNativeTarget "customUITableViewTests" */ = {
			isa = XCConfigurationList;
			buildConfigurations = (
				FD07BAD21AA052BC002485EA /* Debug */,
				FD07BAD31AA052BC002485EA /* Release */,
			);
			defaultConfigurationIsVisible = 0;
		};
/* End XCConfigurationList section */
	};
	rootObject = FD07BAA71AA052BC002485EA /* Project object */;
}
