// !$*UTF8*$!
{
	archiveVersion = 1;
	classes = {
	};
	objectVersion = 46;
	objects = {

/* Begin PBXBuildFile section */
		FDDE89281AC54DFD0049AEB8 /* AppDelegate.swift in Sources */ = {isa = PBXBuildFile; fileRef = FDDE89271AC54DFD0049AEB8 /* AppDelegate.swift */; };
		FDDE892A1AC54DFD0049AEB8 /* ViewController.swift in Sources */ = {isa = PBXBuildFile; fileRef = FDDE89291AC54DFD0049AEB8 /* ViewController.swift */; };
		FDDE892D1AC54DFD0049AEB8 /* Main.storyboard in Resources */ = {isa = PBXBuildFile; fileRef = FDDE892B1AC54DFD0049AEB8 /* Main.storyboard */; };
		FDDE892F1AC54DFD0049AEB8 /* Images.xcassets in Resources */ = {isa = PBXBuildFile; fileRef = FDDE892E1AC54DFD0049AEB8 /* Images.xcassets */; };
		FDDE89321AC54DFD0049AEB8 /* LaunchScreen.xib in Resources */ = {isa = PBXBuildFile; fileRef = FDDE89301AC54DFD0049AEB8 /* LaunchScreen.xib */; };
		FDDE893E1AC54DFD0049AEB8 /* FishTests.swift in Sources */ = {isa = PBXBuildFile; fileRef = FDDE893D1AC54DFD0049AEB8 /* FishTests.swift */; };
		FDDE89481AC55F4C0049AEB8 /* fish_1.png in Resources */ = {isa = PBXBuildFile; fileRef = FDDE89471AC55F4C0049AEB8 /* fish_1.png */; };
		FDDE894A1AC561E00049AEB8 /* fish_2.png in Resources */ = {isa = PBXBuildFile; fileRef = FDDE89491AC561E00049AEB8 /* fish_2.png */; };
/* End PBXBuildFile section */

/* Begin PBXContainerItemProxy section */
		FDDE89381AC54DFD0049AEB8 /* PBXContainerItemProxy */ = {
			isa = PBXContainerItemProxy;
			containerPortal = FDDE891A1AC54DFD0049AEB8 /* Project object */;
			proxyType = 1;
			remoteGlobalIDString = FDDE89211AC54DFD0049AEB8;
			remoteInfo = Fish;
		};
/* End PBXContainerItemProxy section */

/* Begin PBXFileReference section */
		FDDE89221AC54DFD0049AEB8 /* Fish.app */ = {isa = PBXFileReference; explicitFileType = wrapper.application; includeInIndex = 0; path = Fish.app; sourceTree = BUILT_PRODUCTS_DIR; };
		FDDE89261AC54DFD0049AEB8 /* Info.plist */ = {isa = PBXFileReference; lastKnownFileType = text.plist.xml; path = Info.plist; sourceTree = "<group>"; };
		FDDE89271AC54DFD0049AEB8 /* AppDelegate.swift */ = {isa = PBXFileReference; lastKnownFileType = sourcecode.swift; path = AppDelegate.swift; sourceTree = "<group>"; };
		FDDE89291AC54DFD0049AEB8 /* ViewController.swift */ = {isa = PBXFileReference; lastKnownFileType = sourcecode.swift; path = ViewController.swift; sourceTree = "<group>"; };
		FDDE892C1AC54DFD0049AEB8 /* Base */ = {isa = PBXFileReference; lastKnownFileType = file.storyboard; name = Base; path = Base.lproj/Main.storyboard; sourceTree = "<group>"; };
		FDDE892E1AC54DFD0049AEB8 /* Images.xcassets */ = {isa = PBXFileReference; lastKnownFileType = folder.assetcatalog; path = Images.xcassets; sourceTree = "<group>"; };
		FDDE89311AC54DFD0049AEB8 /* Base */ = {isa = PBXFileReference; lastKnownFileType = file.xib; name = Base; path = Base.lproj/LaunchScreen.xib; sourceTree = "<group>"; };
		FDDE89371AC54DFD0049AEB8 /* FishTests.xctest */ = {isa = PBXFileReference; explicitFileType = wrapper.cfbundle; includeInIndex = 0; path = FishTests.xctest; sourceTree = BUILT_PRODUCTS_DIR; };
		FDDE893C1AC54DFD0049AEB8 /* Info.plist */ = {isa = PBXFileReference; lastKnownFileType = text.plist.xml; path = Info.plist; sourceTree = "<group>"; };
		FDDE893D1AC54DFD0049AEB8 /* FishTests.swift */ = {isa = PBXFileReference; lastKnownFileType = sourcecode.swift; path = FishTests.swift; sourceTree = "<group>"; };
		FDDE89471AC55F4C0049AEB8 /* fish_1.png */ = {isa = PBXFileReference; lastKnownFileType = image.png; path = fish_1.png; sourceTree = SOURCE_ROOT; };
		FDDE89491AC561E00049AEB8 /* fish_2.png */ = {isa = PBXFileReference; lastKnownFileType = image.png; path = fish_2.png; sourceTree = SOURCE_ROOT; };
/* End PBXFileReference section */

/* Begin PBXFrameworksBuildPhase section */
		FDDE891F1AC54DFD0049AEB8 /* Frameworks */ = {
			isa = PBXFrameworksBuildPhase;
			buildActionMask = 2147483647;
			files = (
			);
			runOnlyForDeploymentPostprocessing = 0;
		};
		FDDE89341AC54DFD0049AEB8 /* Frameworks */ = {
			isa = PBXFrameworksBuildPhase;
			buildActionMask = 2147483647;
			files = (
			);
			runOnlyForDeploymentPostprocessing = 0;
		};
/* End PBXFrameworksBuildPhase section */

/* Begin PBXGroup section */
		FDDE89191AC54DFD0049AEB8 = {
			isa = PBXGroup;
			children = (
				FDDE89241AC54DFD0049AEB8 /* Fish */,
				FDDE893A1AC54DFD0049AEB8 /* FishTests */,
				FDDE89231AC54DFD0049AEB8 /* Products */,
			);
			sourceTree = "<group>";
		};
		FDDE89231AC54DFD0049AEB8 /* Products */ = {
			isa = PBXGroup;
			children = (
				FDDE89221AC54DFD0049AEB8 /* Fish.app */,
				FDDE89371AC54DFD0049AEB8 /* FishTests.xctest */,
			);
			name = Products;
			sourceTree = "<group>";
		};
		FDDE89241AC54DFD0049AEB8 /* Fish */ = {
			isa = PBXGroup;
			children = (
				FDDE89271AC54DFD0049AEB8 /* AppDelegate.swift */,
				FDDE89291AC54DFD0049AEB8 /* ViewController.swift */,
				FDDE892B1AC54DFD0049AEB8 /* Main.storyboard */,
				FDDE892E1AC54DFD0049AEB8 /* Images.xcassets */,
				FDDE89301AC54DFD0049AEB8 /* LaunchScreen.xib */,
				FDDE89251AC54DFD0049AEB8 /* Supporting Files */,
			);
			path = Fish;
			sourceTree = "<group>";
		};
		FDDE89251AC54DFD0049AEB8 /* Supporting Files */ = {
			isa = PBXGroup;
			children = (
				FDDE89491AC561E00049AEB8 /* fish_2.png */,
				FDDE89471AC55F4C0049AEB8 /* fish_1.png */,
				FDDE89261AC54DFD0049AEB8 /* Info.plist */,
			);
			name = "Supporting Files";
			sourceTree = "<group>";
		};
		FDDE893A1AC54DFD0049AEB8 /* FishTests */ = {
			isa = PBXGroup;
			children = (
				FDDE893D1AC54DFD0049AEB8 /* FishTests.swift */,
				FDDE893B1AC54DFD0049AEB8 /* Supporting Files */,
			);
			path = FishTests;
			sourceTree = "<group>";
		};
		FDDE893B1AC54DFD0049AEB8 /* Supporting Files */ = {
			isa = PBXGroup;
			children = (
				FDDE893C1AC54DFD0049AEB8 /* Info.plist */,
			);
			name = "Supporting Files";
			sourceTree = "<group>";
		};
/* End PBXGroup section */

/* Begin PBXNativeTarget section */
		FDDE89211AC54DFD0049AEB8 /* Fish */ = {
			isa = PBXNativeTarget;
			buildConfigurationList = FDDE89411AC54DFD0049AEB8 /* Build configuration list for PBXNativeTarget "Fish" */;
			buildPhases = (
				FDDE891E1AC54DFD0049AEB8 /* Sources */,
				FDDE891F1AC54DFD0049AEB8 /* Frameworks */,
				FDDE89201AC54DFD0049AEB8 /* Resources */,
			);
			buildRules = (
			);
			dependencies = (
			);
			name = Fish;
			productName = Fish;
			productReference = FDDE89221AC54DFD0049AEB8 /* Fish.app */;
			productType = "com.apple.product-type.application";
		};
		FDDE89361AC54DFD0049AEB8 /* FishTests */ = {
			isa = PBXNativeTarget;
			buildConfigurationList = FDDE89441AC54DFD0049AEB8 /* Build configuration list for PBXNativeTarget "FishTests" */;
			buildPhases = (
				FDDE89331AC54DFD0049AEB8 /* Sources */,
				FDDE89341AC54DFD0049AEB8 /* Frameworks */,
				FDDE89351AC54DFD0049AEB8 /* Resources */,
			);
			buildRules = (
			);
			dependencies = (
				FDDE89391AC54DFD0049AEB8 /* PBXTargetDependency */,
			);
			name = FishTests;
			productName = FishTests;
			productReference = FDDE89371AC54DFD0049AEB8 /* FishTests.xctest */;
			productType = "com.apple.product-type.bundle.unit-test";
		};
/* End PBXNativeTarget section */

/* Begin PBXProject section */
		FDDE891A1AC54DFD0049AEB8 /* Project object */ = {
			isa = PBXProject;
			attributes = {
				LastUpgradeCheck = 0600;
				ORGANIZATIONNAME = Jay;
				TargetAttributes = {
					FDDE89211AC54DFD0049AEB8 = {
						CreatedOnToolsVersion = 6.0;
					};
					FDDE89361AC54DFD0049AEB8 = {
						CreatedOnToolsVersion = 6.0;
						TestTargetID = FDDE89211AC54DFD0049AEB8;
					};
				};
			};
			buildConfigurationList = FDDE891D1AC54DFD0049AEB8 /* Build configuration list for PBXProject "Fish" */;
			compatibilityVersion = "Xcode 3.2";
			developmentRegion = English;
			hasScannedForEncodings = 0;
			knownRegions = (
				en,
				Base,
			);
			mainGroup = FDDE89191AC54DFD0049AEB8;
			productRefGroup = FDDE89231AC54DFD0049AEB8 /* Products */;
			projectDirPath = "";
			projectRoot = "";
			targets = (
				FDDE89211AC54DFD0049AEB8 /* Fish */,
				FDDE89361AC54DFD0049AEB8 /* FishTests */,
			);
		};
/* End PBXProject section */

/* Begin PBXResourcesBuildPhase section */
		FDDE89201AC54DFD0049AEB8 /* Resources */ = {
			isa = PBXResourcesBuildPhase;
			buildActionMask = 2147483647;
			files = (
				FDDE892D1AC54DFD0049AEB8 /* Main.storyboard in Resources */,
				FDDE894A1AC561E00049AEB8 /* fish_2.png in Resources */,
				FDDE89321AC54DFD0049AEB8 /* LaunchScreen.xib in Resources */,
				FDDE892F1AC54DFD0049AEB8 /* Images.xcassets in Resources */,
				FDDE89481AC55F4C0049AEB8 /* fish_1.png in Resources */,
			);
			runOnlyForDeploymentPostprocessing = 0;
		};
		FDDE89351AC54DFD0049AEB8 /* Resources */ = {
			isa = PBXResourcesBuildPhase;
			buildActionMask = 2147483647;
			files = (
			);
			runOnlyForDeploymentPostprocessing = 0;
		};
/* End PBXResourcesBuildPhase section */

/* Begin PBXSourcesBuildPhase section */
		FDDE891E1AC54DFD0049AEB8 /* Sources */ = {
			isa = PBXSourcesBuildPhase;
			buildActionMask = 2147483647;
			files = (
				FDDE892A1AC54DFD0049AEB8 /* ViewController.swift in Sources */,
				FDDE89281AC54DFD0049AEB8 /* AppDelegate.swift in Sources */,
			);
			runOnlyForDeploymentPostprocessing = 0;
		};
		FDDE89331AC54DFD0049AEB8 /* Sources */ = {
			isa = PBXSourcesBuildPhase;
			buildActionMask = 2147483647;
			files = (
				FDDE893E1AC54DFD0049AEB8 /* FishTests.swift in Sources */,
			);
			runOnlyForDeploymentPostprocessing = 0;
		};
/* End PBXSourcesBuildPhase section */

/* Begin PBXTargetDependency section */
		FDDE89391AC54DFD0049AEB8 /* PBXTargetDependency */ = {
			isa = PBXTargetDependency;
			target = FDDE89211AC54DFD0049AEB8 /* Fish */;
			targetProxy = FDDE89381AC54DFD0049AEB8 /* PBXContainerItemProxy */;
		};
/* End PBXTargetDependency section */

/* Begin PBXVariantGroup section */
		FDDE892B1AC54DFD0049AEB8 /* Main.storyboard */ = {
			isa = PBXVariantGroup;
			children = (
				FDDE892C1AC54DFD0049AEB8 /* Base */,
			);
			name = Main.storyboard;
			sourceTree = "<group>";
		};
		FDDE89301AC54DFD0049AEB8 /* LaunchScreen.xib */ = {
			isa = PBXVariantGroup;
			children = (
				FDDE89311AC54DFD0049AEB8 /* Base */,
			);
			name = LaunchScreen.xib;
			sourceTree = "<group>";
		};
/* End PBXVariantGroup section */

/* Begin XCBuildConfiguration section */
		FDDE893F1AC54DFD0049AEB8 /* Debug */ = {
			isa = XCBuildConfiguration;
			buildSettings = {
				ALWAYS_SEARCH_USER_PATHS = NO;
				CLANG_CXX_LANGUAGE_STANDARD = "gnu++0x";
				CLANG_CXX_LIBRARY = "libc++";
				CLANG_ENABLE_MODULES = YES;
				CLANG_ENABLE_OBJC_ARC = YES;
				CLANG_WARN_BOOL_CONVERSION = YES;
				CLANG_WARN_CONSTANT_CONVERSION = YES;
				CLANG_WARN_DIRECT_OBJC_ISA_USAGE = YES_ERROR;
				CLANG_WARN_EMPTY_BODY = YES;
				CLANG_WARN_ENUM_CONVERSION = YES;
				CLANG_WARN_INT_CONVERSION = YES;
				CLANG_WARN_OBJC_ROOT_CLASS = YES_ERROR;
				CLANG_WARN_UNREACHABLE_CODE = YES;
				CLANG_WARN__DUPLICATE_METHOD_MATCH = YES;
				"CODE_SIGN_IDENTITY[sdk=iphoneos*]" = "iPhone Developer";
				COPY_PHASE_STRIP = NO;
				ENABLE_STRICT_OBJC_MSGSEND = YES;
				GCC_C_LANGUAGE_STANDARD = gnu99;
				GCC_DYNAMIC_NO_PIC = NO;
				GCC_OPTIMIZATION_LEVEL = 0;
				GCC_PREPROCESSOR_DEFINITIONS = (
					"DEBUG=1",
					"$(inherited)",
				);
				GCC_SYMBOLS_PRIVATE_EXTERN = NO;
				GCC_WARN_64_TO_32_BIT_CONVERSION = YES;
				GCC_WARN_ABOUT_RETURN_TYPE = YES_ERROR;
				GCC_WARN_UNDECLARED_SELECTOR = YES;
				GCC_WARN_UNINITIALIZED_AUTOS = YES_AGGRESSIVE;
				GCC_WARN_UNUSED_FUNCTION = YES;
				GCC_WARN_UNUSED_VARIABLE = YES;
				IPHONEOS_DEPLOYMENT_TARGET = 8.0;
				MTL_ENABLE_DEBUG_INFO = YES;
				ONLY_ACTIVE_ARCH = YES;
				SDKROOT = iphoneos;
				SWIFT_OPTIMIZATION_LEVEL = "-Onone";
			};
			name = Debug;
		};
		FDDE89401AC54DFD0049AEB8 /* Release */ = {
			isa = XCBuildConfiguration;
			buildSettings = {
				ALWAYS_SEARCH_USER_PATHS = NO;
				CLANG_CXX_LANGUAGE_STANDARD = "gnu++0x";
				CLANG_CXX_LIBRARY = "libc++";
				CLANG_ENABLE_MODULES = YES;
				CLANG_ENABLE_OBJC_ARC = YES;
				CLANG_WARN_BOOL_CONVERSION = YES;
				CLANG_WARN_CONSTANT_CONVERSION = YES;
				CLANG_WARN_DIRECT_OBJC_ISA_USAGE = YES_ERROR;
				CLANG_WARN_EMPTY_BODY = YES;
				CLANG_WARN_ENUM_CONVERSION = YES;
				CLANG_WARN_INT_CONVERSION = YES;
				CLANG_WARN_OBJC_ROOT_CLASS = YES_ERROR;
				CLANG_WARN_UNREACHABLE_CODE = YES;
				CLANG_WARN__DUPLICATE_METHOD_MATCH = YES;
				"CODE_SIGN_IDENTITY[sdk=iphoneos*]" = "iPhone Developer";
				COPY_PHASE_STRIP = YES;
				ENABLE_NS_ASSERTIONS = NO;
				ENABLE_STRICT_OBJC_MSGSEND = YES;
				GCC_C_LANGUAGE_STANDARD = gnu99;
				GCC_WARN_64_TO_32_BIT_CONVERSION = YES;
				GCC_WARN_ABOUT_RETURN_TYPE = YES_ERROR;
				GCC_WARN_UNDECLARED_SELECTOR = YES;
				GCC_WARN_UNINITIALIZED_AUTOS = YES_AGGRESSIVE;
				GCC_WARN_UNUSED_FUNCTION = YES;
				GCC_WARN_UNUSED_VARIABLE = YES;
				IPHONEOS_DEPLOYMENT_TARGET = 8.0;
				MTL_ENABLE_DEBUG_INFO = NO;
				SDKROOT = iphoneos;
				VALIDATE_PRODUCT = YES;
			};
			name = Release;
		};
		FDDE89421AC54DFD0049AEB8 /* Debug */ = {
			isa = XCBuildConfiguration;
			buildSettings = {
				ASSETCATALOG_COMPILER_APPICON_NAME = AppIcon;
				INFOPLIST_FILE = Fish/Info.plist;
				LD_RUNPATH_SEARCH_PATHS = "$(inherited) @executable_path/Frameworks";
				PRODUCT_NAME = "$(TARGET_NAME)";
			};
			name = Debug;
		};
		FDDE89431AC54DFD0049AEB8 /* Release */ = {
			isa = XCBuildConfiguration;
			buildSettings = {
				ASSETCATALOG_COMPILER_APPICON_NAME = AppIcon;
				INFOPLIST_FILE = Fish/Info.plist;
				LD_RUNPATH_SEARCH_PATHS = "$(inherited) @executable_path/Frameworks";
				PRODUCT_NAME = "$(TARGET_NAME)";
			};
			name = Release;
		};
		FDDE89451AC54DFD0049AEB8 /* Debug */ = {
			isa = XCBuildConfiguration;
			buildSettings = {
				BUNDLE_LOADER = "$(TEST_HOST)";
				FRAMEWORK_SEARCH_PATHS = (
					"$(SDKROOT)/Developer/Library/Frameworks",
					"$(inherited)",
				);
				GCC_PREPROCESSOR_DEFINITIONS = (
					"DEBUG=1",
					"$(inherited)",
				);
				INFOPLIST_FILE = FishTests/Info.plist;
				LD_RUNPATH_SEARCH_PATHS = "$(inherited) @executable_path/Frameworks @loader_path/Frameworks";
				PRODUCT_NAME = "$(TARGET_NAME)";
				TEST_HOST = "$(BUILT_PRODUCTS_DIR)/Fish.app/Fish";
			};
			name = Debug;
		};
		FDDE89461AC54DFD0049AEB8 /* Release */ = {
			isa = XCBuildConfiguration;
			buildSettings = {
				BUNDLE_LOADER = "$(TEST_HOST)";
				FRAMEWORK_SEARCH_PATHS = (
					"$(SDKROOT)/Developer/Library/Frameworks",
					"$(inherited)",
				);
				INFOPLIST_FILE = FishTests/Info.plist;
				LD_RUNPATH_SEARCH_PATHS = "$(inherited) @executable_path/Frameworks @loader_path/Frameworks";
				PRODUCT_NAME = "$(TARGET_NAME)";
				TEST_HOST = "$(BUILT_PRODUCTS_DIR)/Fish.app/Fish";
			};
			name = Release;
		};
/* End XCBuildConfiguration section */

/* Begin XCConfigurationList section */
		FDDE891D1AC54DFD0049AEB8 /* Build configuration list for PBXProject "Fish" */ = {
			isa = XCConfigurationList;
			buildConfigurations = (
				FDDE893F1AC54DFD0049AEB8 /* Debug */,
				FDDE89401AC54DFD0049AEB8 /* Release */,
			);
			defaultConfigurationIsVisible = 0;
			defaultConfigurationName = Release;
		};
		FDDE89411AC54DFD0049AEB8 /* Build configuration list for PBXNativeTarget "Fish" */ = {
			isa = XCConfigurationList;
			buildConfigurations = (
				FDDE89421AC54DFD0049AEB8 /* Debug */,
				FDDE89431AC54DFD0049AEB8 /* Release */,
			);
			defaultConfigurationIsVisible = 0;
		};
		FDDE89441AC54DFD0049AEB8 /* Build configuration list for PBXNativeTarget "FishTests" */ = {
			isa = XCConfigurationList;
			buildConfigurations = (
				FDDE89451AC54DFD0049AEB8 /* Debug */,
				FDDE89461AC54DFD0049AEB8 /* Release */,
			);
			defaultConfigurationIsVisible = 0;
		};
/* End XCConfigurationList section */
	};
	rootObject = FDDE891A1AC54DFD0049AEB8 /* Project object */;
}
